# This file is automatically @generated by Cargo.
# It is not intended for manual editing.
version = 3

[[package]]
name = "d01_calorie_counting"
version = "0.1.0"

[[package]]
name = "d02_rock_paper_scissors"
version = "0.1.0"

[[package]]
name = "d03_rucksack_reorganization"
version = "0.1.0"

[[package]]
name = "d04_camp_cleanup"
version = "0.1.0"

[[package]]
name = "tester"
version = "0.1.0"
